
Microsoft Visual Studio Solution File, Format Version 12.00
# Visual Studio Version 17
VisualStudioVersion = 17.4.33213.308
MinimumVisualStudioVersion = 10.0.40219.1
Project("{FAE04EC0-301F-11D3-BF4B-00C04F79EFBC}") = "N2_2B_Alg2", "N2_2B_Alg2\N2_2B_Alg2.csproj", "{BCA3FC8A-7CE0-4186-A30C-37839629956F}"
EndProject
Global
	GlobalSection(SolutionConfigurationPlatforms) = preSolution
		Debug|Any CPU = Debug|Any CPU
		Release|Any CPU = Release|Any CPU
	EndGlobalSection
	GlobalSection(ProjectConfigurationPlatforms) = postSolution
		{BCA3FC8A-7CE0-4186-A30C-37839629956F}.Debug|Any CPU.ActiveCfg = Debug|Any CPU
		{BCA3FC8A-7CE0-4186-A30C-37839629956F}.Debug|Any CPU.Build.0 = Debug|Any CPU
		{BCA3FC8A-7CE0-4186-A30C-37839629956F}.Release|Any CPU.ActiveCfg = Release|Any CPU
		{BCA3FC8A-7CE0-4186-A30C-37839629956F}.Release|Any CPU.Build.0 = Release|Any CPU
	EndGlobalSection
	GlobalSection(SolutionProperties) = preSolution
		HideSolutionNode = FALSE
	EndGlobalSection
	GlobalSection(ExtensibilityGlobals) = postSolution
		SolutionGuid = {89879585-12D3-4083-B395-D8CA2D0E2982}
	EndGlobalSection
EndGlobal
